<?xml version="1.0" encoding="utf-8"?>
<Project ToolsVersion="4.0" xmlns="http://schemas.microsoft.com/developer/msbuild/2003">
  <ItemGroup>
    <ClCompile Include="..\sources\Functions.cpp">
      <Filter>Source Files</Filter>
    </ClCompile>
    <ClCompile Include="..\..\PluginSupport\Headers\API\PIMain.c">
      <Filter>Source Files</Filter>
    </ClCompile>
    <ClCompile Include="..\sources\strcasestr.c">
      <Filter>Source Files</Filter>
    </ClCompile>
    <ClCompile Include="..\sources\PluginInit.cpp">
      <Filter>Source Files</Filter>
    </ClCompile>
  </ItemGroup>
  <ItemGroup>
    <Filter Include="Header Files">
      <UniqueIdentifier>{4613b3eb-a14c-49f4-9052-da118752acf9}</UniqueIdentifier>
    </Filter>
    <Filter Include="Resource Files">
      <UniqueIdentifier>{c2a60969-693d-4148-a698-285e14c71da6}</UniqueIdentifier>
    </Filter>
    <Filter Include="Source Files">
      <UniqueIdentifier>{6342a352-bcd2-463b-89cf-7fff850cee2a}</UniqueIdentifier>
    </Filter>
  </ItemGroup>
  <ItemGroup>
    <ResourceCompile Include="..\sources\Bookmarks.rc">
      <Filter>Resource Files</Filter>
    </ResourceCompile>
    <ResourceCompile Include="..\sources\Plugin.rc">
      <Filter>Resource Files</Filter>
    </ResourceCompile>
  </ItemGroup>
  <ItemGroup>
    <ClInclude Include="..\sources\Functions.hpp">
      <Filter>Header Files</Filter>
    </ClInclude>
    <ClInclude Include="..\sources\strcasestr.h">
      <Filter>Header Files</Filter>
    </ClInclude>
    <ClInclude Include="..\sources\resource.h">
      <Filter>Header Files</Filter>
    </ClInclude>
  </ItemGroup>
</Project>