// !$*UTF8*$!
{
	archiveVersion = 1;
	classes = {
	};
	objectVersion = 42;
	objects = {

/* Begin PBXBuildFile section */
		20294CA01C045E4A0066D0E5 /* PIMain.cpp in Sources */ = {isa = PBXBuildFile; fileRef = 20294C9E1C045E4A0066D0E5 /* PIMain.cpp */; };
		20294CA11C045E4A0066D0E5 /* PluginInit.cpp in Sources */ = {isa = PBXBuildFile; fileRef = 20294C9F1C045E4A0066D0E5 /* PluginInit.cpp */; };
		8D01CCCA0486CAD60068D4B7 /* InfoPlist.strings in Resources */ = {isa = PBXBuildFile; fileRef = 089C167DFE841241C02AAC07 /* InfoPlist.strings */; };
/* End PBXBuildFile section */

/* Begin PBXFileReference section */
		089C167EFE841241C02AAC07 /* English */ = {isa = PBXFileReference; fileEncoding = 10; lastKnownFileType = text.plist.strings; name = English; path = English.lproj/InfoPlist.strings; sourceTree = SOURCE_ROOT; };
		20294C9E1C045E4A0066D0E5 /* PIMain.cpp */ = {isa = PBXFileReference; fileEncoding = 4; lastKnownFileType = sourcecode.cpp.cpp; name = PIMain.cpp; path = ../sources/PIMain.cpp; sourceTree = "<group>"; };
		20294C9F1C045E4A0066D0E5 /* PluginInit.cpp */ = {isa = PBXFileReference; fileEncoding = 4; lastKnownFileType = sourcecode.cpp.cpp; name = PluginInit.cpp; path = ../sources/PluginInit.cpp; sourceTree = "<group>"; };
		8D01CCD20486CAD60068D4B7 /* MultiTab.acroplugin */ = {isa = PBXFileReference; explicitFileType = wrapper.cfbundle; includeInIndex = 0; path = MultiTab.acroplugin; sourceTree = BUILT_PRODUCTS_DIR; };
		BAE873A50A24E02700E97E2D /* Default.xcconfig */ = {isa = PBXFileReference; fileEncoding = 30; lastKnownFileType = text.xcconfig; name = Default.xcconfig; path = ../../PluginSupport/Headers/SDK/MacSDKConfigurations/Default.xcconfig; sourceTree = SOURCE_ROOT; };
		BAE873A70A24E04600E97E2D /* Project_debug.xcconfig */ = {isa = PBXFileReference; fileEncoding = 30; lastKnownFileType = text.xcconfig; name = Project_debug.xcconfig; path = ProjectConfigurations/Project_debug.xcconfig; sourceTree = SOURCE_ROOT; };
		BAE873A90A24E04600E97E2D /* ProjectDefault.xcconfig */ = {isa = PBXFileReference; fileEncoding = 30; lastKnownFileType = text.xcconfig; name = ProjectDefault.xcconfig; path = ProjectConfigurations/ProjectDefault.xcconfig; sourceTree = SOURCE_ROOT; };
		BAE873AA0A24E04600E97E2D /* ProjectResources.xcconfig */ = {isa = PBXFileReference; fileEncoding = 30; lastKnownFileType = text.xcconfig; name = ProjectResources.xcconfig; path = ProjectConfigurations/ProjectResources.xcconfig; sourceTree = SOURCE_ROOT; };
		DBC99E0509EEFB64004181F9 /* Environment.xcconfig */ = {isa = PBXFileReference; fileEncoding = 30; lastKnownFileType = text.xcconfig; name = Environment.xcconfig; path = ../../PluginSupport/Headers/SDK/MacSDKConfigurations/Environment.xcconfig; sourceTree = SOURCE_ROOT; };
		DBC99E0F09EEFD5B004181F9 /* Info.plist */ = {isa = PBXFileReference; fileEncoding = 30; lastKnownFileType = text.plist.xml; name = Info.plist; path = ../../PluginSupport/Headers/SDK/Info.plist; sourceTree = SOURCE_ROOT; };
/* End PBXFileReference section */

/* Begin PBXFrameworksBuildPhase section */
		8D01CCCD0486CAD60068D4B7 /* Frameworks */ = {
			isa = PBXFrameworksBuildPhase;
			buildActionMask = 2147483647;
			files = (
			);
			runOnlyForDeploymentPostprocessing = 0;
		};
/* End PBXFrameworksBuildPhase section */

/* Begin PBXGroup section */
		089C166AFE841209C02AAC07 /* _EmptySample */ = {
			isa = PBXGroup;
			children = (
				DBC99DFF09EEFB37004181F9 /* Configurations */,
				08FB77ADFE841716C02AAC07 /* Sources */,
				089C167CFE841241C02AAC07 /* Resources */,
				089C1671FE841209C02AAC07 /* External Frameworks and Libraries */,
				19C28FB4FE9D528D11CA2CBB /* Products */,
			);
			name = _EmptySample;
			sourceTree = "<group>";
		};
		089C1671FE841209C02AAC07 /* External Frameworks and Libraries */ = {
			isa = PBXGroup;
			children = (
			);
			name = "External Frameworks and Libraries";
			sourceTree = "<group>";
		};
		089C167CFE841241C02AAC07 /* Resources */ = {
			isa = PBXGroup;
			children = (
				DBC99E0F09EEFD5B004181F9 /* Info.plist */,
				089C167DFE841241C02AAC07 /* InfoPlist.strings */,
			);
			name = Resources;
			sourceTree = "<group>";
		};
		08FB77ADFE841716C02AAC07 /* Sources */ = {
			isa = PBXGroup;
			children = (
				20294C9E1C045E4A0066D0E5 /* PIMain.cpp */,
				20294C9F1C045E4A0066D0E5 /* PluginInit.cpp */,
			);
			name = Sources;
			sourceTree = "<group>";
		};
		19C28FB4FE9D528D11CA2CBB /* Products */ = {
			isa = PBXGroup;
			children = (
				8D01CCD20486CAD60068D4B7 /* MultiTab.acroplugin */,
			);
			name = Products;
			sourceTree = "<group>";
		};
		BAE873A60A24E04600E97E2D /* ProjectConfigurations */ = {
			isa = PBXGroup;
			children = (
				BAE873A70A24E04600E97E2D /* Project_debug.xcconfig */,
				BAE873A90A24E04600E97E2D /* ProjectDefault.xcconfig */,
				BAE873AA0A24E04600E97E2D /* ProjectResources.xcconfig */,
			);
			path = ProjectConfigurations;
			sourceTree = "<group>";
		};
		DBC99DFF09EEFB37004181F9 /* Configurations */ = {
			isa = PBXGroup;
			children = (
				BAE873A50A24E02700E97E2D /* Default.xcconfig */,
				DBC99E0509EEFB64004181F9 /* Environment.xcconfig */,
				BAE873A60A24E04600E97E2D /* ProjectConfigurations */,
			);
			name = Configurations;
			sourceTree = "<group>";
		};
/* End PBXGroup section */

/* Begin PBXNativeTarget section */
		8D01CCC60486CAD60068D4B7 /* Multitab_debug */ = {
			isa = PBXNativeTarget;
			buildConfigurationList = 4FADC23308B4156C00ABE55E /* Build configuration list for PBXNativeTarget "Multitab_debug" */;
			buildPhases = (
				8D01CCC90486CAD60068D4B7 /* Resources */,
				8D01CCCB0486CAD60068D4B7 /* Sources */,
				8D01CCCD0486CAD60068D4B7 /* Frameworks */,
			);
			buildRules = (
			);
			dependencies = (
			);
			name = Multitab_debug;
			productInstallPath = "$(HOME)/Library/Bundles";
			productName = _EmptySample;
			productReference = 8D01CCD20486CAD60068D4B7 /* MultiTab.acroplugin */;
			productType = "com.apple.product-type.bundle";
		};
/* End PBXNativeTarget section */

/* Begin PBXProject section */
		089C1669FE841209C02AAC07 /* Project object */ = {
			isa = PBXProject;
			attributes = {
			};
			buildConfigurationList = 4FADC23708B4156C00ABE55E /* Build configuration list for PBXProject "MultiTab" */;
			compatibilityVersion = "Xcode 2.4";
			developmentRegion = English;
			hasScannedForEncodings = 1;
			knownRegions = (
				English,
				en,
			);
			mainGroup = 089C166AFE841209C02AAC07 /* _EmptySample */;
			projectDirPath = "";
			projectRoot = "";
			targets = (
				8D01CCC60486CAD60068D4B7 /* Multitab_debug */,
			);
		};
/* End PBXProject section */

/* Begin PBXResourcesBuildPhase section */
		8D01CCC90486CAD60068D4B7 /* Resources */ = {
			isa = PBXResourcesBuildPhase;
			buildActionMask = 2147483647;
			files = (
				8D01CCCA0486CAD60068D4B7 /* InfoPlist.strings in Resources */,
			);
			runOnlyForDeploymentPostprocessing = 0;
		};
/* End PBXResourcesBuildPhase section */

/* Begin PBXSourcesBuildPhase section */
		8D01CCCB0486CAD60068D4B7 /* Sources */ = {
			isa = PBXSourcesBuildPhase;
			buildActionMask = 2147483647;
			files = (
				20294CA11C045E4A0066D0E5 /* PluginInit.cpp in Sources */,
				20294CA01C045E4A0066D0E5 /* PIMain.cpp in Sources */,
			);
			runOnlyForDeploymentPostprocessing = 0;
		};
/* End PBXSourcesBuildPhase section */

/* Begin PBXVariantGroup section */
		089C167DFE841241C02AAC07 /* InfoPlist.strings */ = {
			isa = PBXVariantGroup;
			children = (
				089C167EFE841241C02AAC07 /* English */,
			);
			name = InfoPlist.strings;
			sourceTree = "<group>";
		};
/* End PBXVariantGroup section */

/* Begin XCBuildConfiguration section */
		4FADC23408B4156C00ABE55E /* Default */ = {
			isa = XCBuildConfiguration;
			baseConfigurationReference = BAE873A70A24E04600E97E2D /* Project_debug.xcconfig */;
			buildSettings = {
				ARCHS = "$(ARCHS_STANDARD)";
				CLANG_CXX_LANGUAGE_STANDARD = "c++0x";
				CLANG_CXX_LIBRARY = "libc++";
				GCC_INPUT_FILETYPE = sourcecode.cpp.objcpp;
				MACOSX_DEPLOYMENT_TARGET = 10.11;
				ONLY_ACTIVE_ARCH = YES;
				SDKROOT = macosx;
			};
			name = Default;
		};
		4FADC23808B4156C00ABE55E /* Default */ = {
			isa = XCBuildConfiguration;
			baseConfigurationReference = BAE873A90A24E04600E97E2D /* ProjectDefault.xcconfig */;
			buildSettings = {
				ARCHS = "$(ARCHS_STANDARD)";
				DEBUG_INFORMATION_FORMAT = "dwarf-with-dsym";
				GCC_INPUT_FILETYPE = sourcecode.cpp.objcpp;
				IPHONEOS_DEPLOYMENT_TARGET = 13.4;
				MACOSX_DEPLOYMENT_TARGET = 10.11;
				ONLY_ACTIVE_ARCH = YES;
				SDKROOT = macosx;
				TVOS_DEPLOYMENT_TARGET = 13.3;
				VALID_ARCHS = x86_64;
				WATCHOS_DEPLOYMENT_TARGET = 6.2;
			};
			name = Default;
		};
/* End XCBuildConfiguration section */

/* Begin XCConfigurationList section */
		4FADC23308B4156C00ABE55E /* Build configuration list for PBXNativeTarget "Multitab_debug" */ = {
			isa = XCConfigurationList;
			buildConfigurations = (
				4FADC23408B4156C00ABE55E /* Default */,
			);
			defaultConfigurationIsVisible = 0;
			defaultConfigurationName = Default;
		};
		4FADC23708B4156C00ABE55E /* Build configuration list for PBXProject "MultiTab" */ = {
			isa = XCConfigurationList;
			buildConfigurations = (
				4FADC23808B4156C00ABE55E /* Default */,
			);
			defaultConfigurationIsVisible = 0;
			defaultConfigurationName = Default;
		};
/* End XCConfigurationList section */
	};
	rootObject = 089C1669FE841209C02AAC07 /* Project object */;
}
