// !$*UTF8*$!
{
	archiveVersion = 1;
	classes = {
	};
	objectVersion = 42;
	objects = {

/* Begin PBXBuildFile section */
		4FA211872386BFEE0057E287 /* Functions.cpp in Sources */ = {isa = PBXBuildFile; fileRef = 4FA211852386BFEE0057E287 /* Functions.cpp */; };
		8D01CCCA0486CAD60068D4B7 /* InfoPlist.strings in Resources */ = {isa = PBXBuildFile; fileRef = 089C167DFE841241C02AAC07 /* InfoPlist.strings */; };
		DBF38A6E09DA0BD500924B81 /* StarterInit.cpp in Sources */ = {isa = PBXBuildFile; fileRef = DB9570ED09DA0AB800D15BF1 /* StarterInit.cpp */; };
		DBF38A7209DA0BDB00924B81 /* PIMain.c in Sources */ = {isa = PBXBuildFile; fileRef = DB9570EC09DA0AA400D15BF1 /* PIMain.c */; };
/* End PBXBuildFile section */

/* Begin PBXFileReference section */
		089C167EFE841241C02AAC07 /* English */ = {isa = PBXFileReference; fileEncoding = 10; lastKnownFileType = text.plist.strings; name = English; path = English.lproj/InfoPlist.strings; sourceTree = SOURCE_ROOT; };
		4FA211852386BFEE0057E287 /* Functions.cpp */ = {isa = PBXFileReference; fileEncoding = 4; lastKnownFileType = sourcecode.cpp.cpp; name = Functions.cpp; path = ../sources/Functions.cpp; sourceTree = "<group>"; };
		4FA211862386BFEE0057E287 /* Functions.hpp */ = {isa = PBXFileReference; fileEncoding = 4; lastKnownFileType = sourcecode.cpp.h; name = Functions.hpp; path = ../sources/Functions.hpp; sourceTree = "<group>"; };
		8D01CCD20486CAD60068D4B7 /* Bookmarks.acroplugin */ = {isa = PBXFileReference; explicitFileType = wrapper.cfbundle; includeInIndex = 0; path = Bookmarks.acroplugin; sourceTree = BUILT_PRODUCTS_DIR; };
		BA5287450A1930200088FAB2 /* Default.xcconfig */ = {isa = PBXFileReference; fileEncoding = 30; lastKnownFileType = text.xcconfig; name = Default.xcconfig; path = ../../PluginSupport/Headers/SDK/MacSDKConfigurations/Default.xcconfig; sourceTree = SOURCE_ROOT; };
		DB9570D509DA098E00D15BF1 /* Project_debug.xcconfig */ = {isa = PBXFileReference; fileEncoding = 30; lastKnownFileType = text.xcconfig; name = Project_debug.xcconfig; path = ProjectConfigurations/Project_debug.xcconfig; sourceTree = SOURCE_ROOT; };
		DB9570D809DA098E00D15BF1 /* ProjectDefault.xcconfig */ = {isa = PBXFileReference; fileEncoding = 30; lastKnownFileType = text.xcconfig; name = ProjectDefault.xcconfig; path = ProjectConfigurations/ProjectDefault.xcconfig; sourceTree = SOURCE_ROOT; };
		DB9570DB09DA09AD00D15BF1 /* Environment.xcconfig */ = {isa = PBXFileReference; fileEncoding = 30; lastKnownFileType = text.xcconfig; name = Environment.xcconfig; path = ../../PluginSupport/Headers/SDK/MacSDKConfigurations/Environment.xcconfig; sourceTree = SOURCE_ROOT; };
		DB9570EB09DA0A8600D15BF1 /* PIHeaders++.pch */ = {isa = PBXFileReference; fileEncoding = 30; lastKnownFileType = sourcecode.c.h; name = "PIHeaders++.pch"; path = "../../PluginSupport/Headers/SDK/PIHeaders++.pch"; sourceTree = SOURCE_ROOT; };
		DB9570EC09DA0AA400D15BF1 /* PIMain.c */ = {isa = PBXFileReference; fileEncoding = 30; lastKnownFileType = sourcecode.c.c; name = PIMain.c; path = ../../PluginSupport/Headers/API/PIMain.c; sourceTree = SOURCE_ROOT; };
		DB9570ED09DA0AB800D15BF1 /* StarterInit.cpp */ = {isa = PBXFileReference; fileEncoding = 30; lastKnownFileType = sourcecode.cpp.cpp; name = StarterInit.cpp; path = ../sources/StarterInit.cpp; sourceTree = SOURCE_ROOT; tabWidth = 8; };
		DB9ABFD609DCA62100298E3E /* Info.plist */ = {isa = PBXFileReference; fileEncoding = 30; lastKnownFileType = text.plist.xml; name = Info.plist; path = ../sources/Info.plist; sourceTree = SOURCE_ROOT; };
		DBC3ACC009E1DCE1005F3202 /* ProjectResources.xcconfig */ = {isa = PBXFileReference; fileEncoding = 30; lastKnownFileType = text.xcconfig; name = ProjectResources.xcconfig; path = ProjectConfigurations/ProjectResources.xcconfig; sourceTree = SOURCE_ROOT; };
/* End PBXFileReference section */

/* Begin PBXFrameworksBuildPhase section */
		8D01CCCD0486CAD60068D4B7 /* Frameworks */ = {
			isa = PBXFrameworksBuildPhase;
			buildActionMask = 2147483647;
			files = (
			);
			runOnlyForDeploymentPostprocessing = 0;
		};
/* End PBXFrameworksBuildPhase section */

/* Begin PBXGroup section */
		089C166AFE841209C02AAC07 /* Starter */ = {
			isa = PBXGroup;
			children = (
				DB9570D309DA097D00D15BF1 /* Configurations */,
				08FB77ADFE841716C02AAC07 /* Sources */,
				089C167CFE841241C02AAC07 /* Resources */,
				089C1671FE841209C02AAC07 /* External Frameworks and Libraries */,
				19C28FB4FE9D528D11CA2CBB /* Products */,
			);
			name = Starter;
			sourceTree = "<group>";
		};
		089C1671FE841209C02AAC07 /* External Frameworks and Libraries */ = {
			isa = PBXGroup;
			children = (
			);
			name = "External Frameworks and Libraries";
			sourceTree = "<group>";
		};
		089C167CFE841241C02AAC07 /* Resources */ = {
			isa = PBXGroup;
			children = (
				DB9ABFD609DCA62100298E3E /* Info.plist */,
				089C167DFE841241C02AAC07 /* InfoPlist.strings */,
			);
			name = Resources;
			sourceTree = "<group>";
		};
		08FB77ADFE841716C02AAC07 /* Sources */ = {
			isa = PBXGroup;
			children = (
				DB9570ED09DA0AB800D15BF1 /* StarterInit.cpp */,
				DB9570EC09DA0AA400D15BF1 /* PIMain.c */,
				DB9570EB09DA0A8600D15BF1 /* PIHeaders++.pch */,
				4FA211852386BFEE0057E287 /* Functions.cpp */,
				4FA211862386BFEE0057E287 /* Functions.hpp */,
			);
			name = Sources;
			sourceTree = "<group>";
		};
		19C28FB4FE9D528D11CA2CBB /* Products */ = {
			isa = PBXGroup;
			children = (
				8D01CCD20486CAD60068D4B7 /* Bookmarks.acroplugin */,
			);
			name = Products;
			sourceTree = "<group>";
		};
		DB9570D309DA097D00D15BF1 /* Configurations */ = {
			isa = PBXGroup;
			children = (
				BA5287450A1930200088FAB2 /* Default.xcconfig */,
				DB9570DB09DA09AD00D15BF1 /* Environment.xcconfig */,
				DB9570D409DA098E00D15BF1 /* ProjectConfigurations */,
			);
			name = Configurations;
			sourceTree = "<group>";
		};
		DB9570D409DA098E00D15BF1 /* ProjectConfigurations */ = {
			isa = PBXGroup;
			children = (
				DB9570D509DA098E00D15BF1 /* Project_debug.xcconfig */,
				DB9570D809DA098E00D15BF1 /* ProjectDefault.xcconfig */,
				DBC3ACC009E1DCE1005F3202 /* ProjectResources.xcconfig */,
			);
			path = ProjectConfigurations;
			sourceTree = "<group>";
		};
/* End PBXGroup section */

/* Begin PBXNativeTarget section */
		8D01CCC60486CAD60068D4B7 /* Starter_debug */ = {
			isa = PBXNativeTarget;
			buildConfigurationList = 4FADC23308B4156C00ABE55E /* Build configuration list for PBXNativeTarget "Starter_debug" */;
			buildPhases = (
				8D01CCC90486CAD60068D4B7 /* Resources */,
				8D01CCCB0486CAD60068D4B7 /* Sources */,
				8D01CCCD0486CAD60068D4B7 /* Frameworks */,
				BA5287490A1930340088FAB2 /* ShellScript */,
			);
			buildRules = (
			);
			dependencies = (
			);
			name = Starter_debug;
			productInstallPath = "$(HOME)/Library/Bundles";
			productName = Starter;
			productReference = 8D01CCD20486CAD60068D4B7 /* Bookmarks.acroplugin */;
			productType = "com.apple.product-type.bundle";
		};
/* End PBXNativeTarget section */

/* Begin PBXProject section */
		089C1669FE841209C02AAC07 /* Project object */ = {
			isa = PBXProject;
			attributes = {
			};
			buildConfigurationList = 4FADC23708B4156C00ABE55E /* Build configuration list for PBXProject "Bookmarks" */;
			compatibilityVersion = "Xcode 2.4";
			developmentRegion = English;
			hasScannedForEncodings = 1;
			knownRegions = (
				en,
			);
			mainGroup = 089C166AFE841209C02AAC07 /* Starter */;
			projectDirPath = "";
			projectRoot = "";
			targets = (
				8D01CCC60486CAD60068D4B7 /* Starter_debug */,
			);
		};
/* End PBXProject section */

/* Begin PBXResourcesBuildPhase section */
		8D01CCC90486CAD60068D4B7 /* Resources */ = {
			isa = PBXResourcesBuildPhase;
			buildActionMask = 2147483647;
			files = (
				8D01CCCA0486CAD60068D4B7 /* InfoPlist.strings in Resources */,
			);
			runOnlyForDeploymentPostprocessing = 0;
		};
/* End PBXResourcesBuildPhase section */

/* Begin PBXShellScriptBuildPhase section */
		BA5287490A1930340088FAB2 /* ShellScript */ = {
			isa = PBXShellScriptBuildPhase;
			buildActionMask = 2147483647;
			files = (
			);
			inputPaths = (
			);
			outputPaths = (
			);
			runOnlyForDeploymentPostprocessing = 0;
			shellPath = /bin/sh;
			shellScript = ../../PluginSupport/Headers/SDK/MacCopyToPlugins.sh;
		};
/* End PBXShellScriptBuildPhase section */

/* Begin PBXSourcesBuildPhase section */
		8D01CCCB0486CAD60068D4B7 /* Sources */ = {
			isa = PBXSourcesBuildPhase;
			buildActionMask = 2147483647;
			files = (
				4FA211872386BFEE0057E287 /* Functions.cpp in Sources */,
				DBF38A6E09DA0BD500924B81 /* StarterInit.cpp in Sources */,
				DBF38A7209DA0BDB00924B81 /* PIMain.c in Sources */,
			);
			runOnlyForDeploymentPostprocessing = 0;
		};
/* End PBXSourcesBuildPhase section */

/* Begin PBXVariantGroup section */
		089C167DFE841241C02AAC07 /* InfoPlist.strings */ = {
			isa = PBXVariantGroup;
			children = (
				089C167EFE841241C02AAC07 /* English */,
			);
			name = InfoPlist.strings;
			sourceTree = "<group>";
		};
/* End PBXVariantGroup section */

/* Begin XCBuildConfiguration section */
		4FADC23408B4156C00ABE55E /* Default */ = {
			isa = XCBuildConfiguration;
			baseConfigurationReference = DB9570D509DA098E00D15BF1 /* Project_debug.xcconfig */;
			buildSettings = {
				GCC_PREFIX_HEADER = "../../PluginSupport/Headers/SDK/PIHeaders++.pch";
				INFOPLIST_FILE = ../sources/Info.plist;
				MACOSX_DEPLOYMENT_TARGET = 10.11;
				PRODUCT_BUNDLE_IDENTIFIER = com.github.binghe.Starter;
				SDKROOT = macosx;
			};
			name = Default;
		};
		4FADC23808B4156C00ABE55E /* Default */ = {
			isa = XCBuildConfiguration;
			baseConfigurationReference = DB9570D809DA098E00D15BF1 /* ProjectDefault.xcconfig */;
			buildSettings = {
			};
			name = Default;
		};
/* End XCBuildConfiguration section */

/* Begin XCConfigurationList section */
		4FADC23308B4156C00ABE55E /* Build configuration list for PBXNativeTarget "Starter_debug" */ = {
			isa = XCConfigurationList;
			buildConfigurations = (
				4FADC23408B4156C00ABE55E /* Default */,
			);
			defaultConfigurationIsVisible = 0;
			defaultConfigurationName = Default;
		};
		4FADC23708B4156C00ABE55E /* Build configuration list for PBXProject "Bookmarks" */ = {
			isa = XCConfigurationList;
			buildConfigurations = (
				4FADC23808B4156C00ABE55E /* Default */,
			);
			defaultConfigurationIsVisible = 0;
			defaultConfigurationName = Default;
		};
/* End XCConfigurationList section */
	};
	rootObject = 089C1669FE841209C02AAC07 /* Project object */;
}
