Microsoft Visual Studio Solution File, Format Version 11.00
# Visual Studio 2010
Project("{8BC9CEB8-8B4A-11D0-8D11-00A0C91BC942}") = "views", "views.vcxproj", "{6514BB5F-AE5C-4B26-A4C2-3DF1927C9487}"
EndProject
Global
	GlobalSection(SolutionConfigurationPlatforms) = preSolution
		Debug|Win32 = Debug|Win32
		Release|Win32 = Release|Win32
	EndGlobalSection
	GlobalSection(ProjectConfigurationPlatforms) = postSolution
		{6514BB5F-AE5C-4B26-A4C2-3DF1927C9487}.Debug|Win32.ActiveCfg = Debug|Win32
		{6514BB5F-AE5C-4B26-A4C2-3DF1927C9487}.Debug|Win32.Build.0 = Debug|Win32
		{6514BB5F-AE5C-4B26-A4C2-3DF1927C9487}.Release|Win32.ActiveCfg = Release|Win32
		{6514BB5F-AE5C-4B26-A4C2-3DF1927C9487}.Release|Win32.Build.0 = Release|Win32
	EndGlobalSection
	GlobalSection(SolutionProperties) = preSolution
		HideSolutionNode = FALSE
	EndGlobalSection
EndGlobal
