Microsoft Visual Studio Solution File, Format Version 11.00
# Visual Studio 2010
Project("{8BC9CEB8-8B4A-11D0-8D11-00A0C91BC942}") = "openbook", "openbook.vcxproj", "{9C9DCCD8-ABB0-4793-B331-503C33A93589}"
EndProject
Global
	GlobalSection(SolutionConfigurationPlatforms) = preSolution
		Debug|Win32 = Debug|Win32
		Release|Win32 = Release|Win32
	EndGlobalSection
	GlobalSection(ProjectConfigurationPlatforms) = postSolution
		{9C9DCCD8-ABB0-4793-B331-503C33A93589}.Debug|Win32.ActiveCfg = Debug|Win32
		{9C9DCCD8-ABB0-4793-B331-503C33A93589}.Debug|Win32.Build.0 = Debug|Win32
		{9C9DCCD8-ABB0-4793-B331-503C33A93589}.Release|Win32.ActiveCfg = Release|Win32
		{9C9DCCD8-ABB0-4793-B331-503C33A93589}.Release|Win32.Build.0 = Release|Win32
	EndGlobalSection
	GlobalSection(SolutionProperties) = preSolution
		HideSolutionNode = FALSE
	EndGlobalSection
EndGlobal
