
Microsoft Visual Studio Solution File, Format Version 11.00
# Visual Studio 2010
Project("{8BC9CEB8-8B4A-11D0-8D11-00A0C91BC942}") = "FM9books", "FM9books.vcxproj", "{B1758C1A-7657-496C-925C-190A5060F825}"
EndProject
Global
	GlobalSection(SolutionConfigurationPlatforms) = preSolution
		Debug|Win32 = Debug|Win32
		Release|Win32 = Release|Win32
	EndGlobalSection
	GlobalSection(ProjectConfigurationPlatforms) = postSolution
		{B1758C1A-7657-496C-925C-190A5060F825}.Debug|Win32.ActiveCfg = Debug|Win32
		{B1758C1A-7657-496C-925C-190A5060F825}.Debug|Win32.Build.0 = Debug|Win32
		{B1758C1A-7657-496C-925C-190A5060F825}.Release|Win32.ActiveCfg = Release|Win32
		{B1758C1A-7657-496C-925C-190A5060F825}.Release|Win32.Build.0 = Release|Win32
	EndGlobalSection
	GlobalSection(SolutionProperties) = preSolution
		HideSolutionNode = FALSE
	EndGlobalSection
EndGlobal
