
Microsoft Visual Studio Solution File, Format Version 11.00
# Visual Studio 2010
Project("{8BC9CEB8-8B4A-11D0-8D11-00A0C91BC942}") = "dita2book", "dita2book.vcxproj", "{B626CBFB-4686-4CD5-A68D-88D150C3A729}"
EndProject
Global
	GlobalSection(SolutionConfigurationPlatforms) = preSolution
		Debug|Win32 = Debug|Win32
		Release|Win32 = Release|Win32
	EndGlobalSection
	GlobalSection(ProjectConfigurationPlatforms) = postSolution
		{B626CBFB-4686-4CD5-A68D-88D150C3A729}.Debug|Win32.ActiveCfg = Debug|Win32
		{B626CBFB-4686-4CD5-A68D-88D150C3A729}.Debug|Win32.Build.0 = Debug|Win32
		{B626CBFB-4686-4CD5-A68D-88D150C3A729}.Release|Win32.ActiveCfg = Release|Win32
		{B626CBFB-4686-4CD5-A68D-88D150C3A729}.Release|Win32.Build.0 = Release|Win32
	EndGlobalSection
	GlobalSection(SolutionProperties) = preSolution
		HideSolutionNode = FALSE
	EndGlobalSection
EndGlobal
